
Microsoft Visual Studio Solution File, Format Version 12.00
# Visual Studio Version 16
VisualStudioVersion = 16.0.29721.120
MinimumVisualStudioVersion = 10.0.40219.1
Project("{9A19103F-16F7-4668-BE54-9A1E7A4F7556}") = "Base3264-UrlEncoder", "Base3264-UrlEncoder\Base3264-UrlEncoder.csproj", "{F53C5799-94DE-4997-95DD-27D67301BDE5}"
EndProject
Project("{2150E333-8FDC-42A3-9474-1A3956D46DE8}") = "Solution Items", "Solution Items", "{680ACCC9-4740-492A-8481-3DB68114D7C3}"
	ProjectSection(SolutionItems) = preProject
		Base3264-UrlEncoder.1.0.2.nupkg = Base3264-UrlEncoder.1.0.2.nupkg
		LICENSE.html = LICENSE.html
		LICENSE.md = LICENSE.md
		README.md = README.md
	EndProjectSection
EndProject
Project("{FAE04EC0-301F-11D3-BF4B-00C04F79EFBC}") = "Base3264-UrlEncoder.Tests", "Base3264-UrlEncoder.Tests\Base3264-UrlEncoder.Tests.csproj", "{2A56EAEA-5F29-4680-B7C5-D54CF63C9AD5}"
EndProject
Global
	GlobalSection(SolutionConfigurationPlatforms) = preSolution
		Debug|Any CPU = Debug|Any CPU
		Release|Any CPU = Release|Any CPU
	EndGlobalSection
	GlobalSection(ProjectConfigurationPlatforms) = postSolution
		{F53C5799-94DE-4997-95DD-27D67301BDE5}.Debug|Any CPU.ActiveCfg = Debug|Any CPU
		{F53C5799-94DE-4997-95DD-27D67301BDE5}.Debug|Any CPU.Build.0 = Debug|Any CPU
		{F53C5799-94DE-4997-95DD-27D67301BDE5}.Release|Any CPU.ActiveCfg = Release|Any CPU
		{F53C5799-94DE-4997-95DD-27D67301BDE5}.Release|Any CPU.Build.0 = Release|Any CPU
		{2A56EAEA-5F29-4680-B7C5-D54CF63C9AD5}.Debug|Any CPU.ActiveCfg = Debug|Any CPU
		{2A56EAEA-5F29-4680-B7C5-D54CF63C9AD5}.Debug|Any CPU.Build.0 = Debug|Any CPU
		{2A56EAEA-5F29-4680-B7C5-D54CF63C9AD5}.Release|Any CPU.ActiveCfg = Release|Any CPU
		{2A56EAEA-5F29-4680-B7C5-D54CF63C9AD5}.Release|Any CPU.Build.0 = Release|Any CPU
	EndGlobalSection
	GlobalSection(SolutionProperties) = preSolution
		HideSolutionNode = FALSE
	EndGlobalSection
	GlobalSection(ExtensibilityGlobals) = postSolution
		SolutionGuid = {E285CAC6-D387-4F19-97AD-6C1BB67A8B4A}
	EndGlobalSection
EndGlobal
